
Microsoft Visual Studio Solution File, Format Version 12.00
# Visual Studio 15
VisualStudioVersion = 15.0.27004.2010
MinimumVisualStudioVersion = 10.0.40219.1
Project("{D954291E-2A0B-460D-934E-DC6B0785DB48}") = "Neco.Client", "Client\Neco.Client\Neco.Client.shproj", "{1E4DDEF1-FEE7-4B8A-A564-5ED8934F43FE}"
EndProject
Project("{FAE04EC0-301F-11D3-BF4B-00C04F79EFBC}") = "Neco.Client.Android", "Client\Neco.Client.Android\Neco.Client.Android.csproj", "{563B5321-6200-4BE1-969D-BDBCACBA8D3B}"
EndProject
Project("{2150E333-8FDC-42A3-9474-1A3956D46DE8}") = "Shared", "Shared", "{2C3FE348-857B-4E66-8150-B825471EDEED}"
EndProject
Project("{2150E333-8FDC-42A3-9474-1A3956D46DE8}") = "docs", "docs", "{4B26DFDE-1F76-4EF6-8F55-9D4DFB6E9343}"
	ProjectSection(SolutionItems) = preProject
		docs\UC1.feature = docs\UC1.feature
		docs\UC1_Chat.md = docs\UC1_Chat.md
		docs\UC2.feature = docs\UC2.feature
		docs\UC2_ChatLocal.md = docs\UC2_ChatLocal.md
		docs\UC3.feature = docs\UC3.feature
		docs\UC3_ChatEncrypted.md = docs\UC3_ChatEncrypted.md
		docs\UC4.feature = docs\UC4.feature
		docs\UC4_ShareFiles.md = docs\UC4_ShareFiles.md
	EndProjectSection
EndProject
Project("{FAE04EC0-301F-11D3-BF4B-00C04F79EFBC}") = "Neco.UITest", "Client\Neco.UITest\Neco.UITest.csproj", "{9B64CB1D-5E92-4DBB-99A0-15B6D7BE5414}"
EndProject
Project("{FAE04EC0-301F-11D3-BF4B-00C04F79EFBC}") = "Neco.Infrastructure.Protocol", "Shared\Neco.Infrastructure.Protocol\Neco.Infrastructure.Protocol.csproj", "{0EBE8B32-E671-4BC6-BC22-E2C8CCDB30A4}"
EndProject
Project("{2150E333-8FDC-42A3-9474-1A3956D46DE8}") = "libsignal-protocol-pcl", "libsignal-protocol-pcl", "{858084BA-ADE9-4F55-BBDF-BD128E7F2DC5}"
EndProject
Project("{FAE04EC0-301F-11D3-BF4B-00C04F79EFBC}") = "signal-protocol-pcl", "libsignal-protocol-pcl\signal-protocol-pcl\signal-protocol-pcl.csproj", "{28969CF5-0CEC-4B94-B5CC-BDF648A66E70}"
EndProject
Project("{FAE04EC0-301F-11D3-BF4B-00C04F79EFBC}") = "Neco.DataTransferObjects", "Shared\Neco.DataTransferObjects\Neco.DataTransferObjects.csproj", "{5DF05250-6AEA-4A85-85CC-4A3247ED841E}"
EndProject
Project("{9A19103F-16F7-4668-BE54-9A1E7A4F7556}") = "Neco.UnitTest", "Client\Neco.UnitTest\Neco.UnitTest.csproj", "{5418A8D4-4D3A-494B-BE94-7C5349DD7C5E}"
EndProject
Global
	GlobalSection(SharedMSBuildProjectFiles) = preSolution
		Client\Neco.Client\Neco.Client.projitems*{1e4ddef1-fee7-4b8a-a564-5ed8934f43fe}*SharedItemsImports = 13
		Client\Neco.Client\Neco.Client.projitems*{563b5321-6200-4be1-969d-bdbcacba8d3b}*SharedItemsImports = 4
	EndGlobalSection
	GlobalSection(SolutionConfigurationPlatforms) = preSolution
		Ad-Hoc|Any CPU = Ad-Hoc|Any CPU
		Ad-Hoc|iPhone = Ad-Hoc|iPhone
		Ad-Hoc|iPhoneSimulator = Ad-Hoc|iPhoneSimulator
		AppStore|Any CPU = AppStore|Any CPU
		AppStore|iPhone = AppStore|iPhone
		AppStore|iPhoneSimulator = AppStore|iPhoneSimulator
		Debug|Any CPU = Debug|Any CPU
		Debug|iPhone = Debug|iPhone
		Debug|iPhoneSimulator = Debug|iPhoneSimulator
		Release|Any CPU = Release|Any CPU
		Release|iPhone = Release|iPhone
		Release|iPhoneSimulator = Release|iPhoneSimulator
	EndGlobalSection
	GlobalSection(ProjectConfigurationPlatforms) = postSolution
		{563B5321-6200-4BE1-969D-BDBCACBA8D3B}.Ad-Hoc|Any CPU.ActiveCfg = Release|Any CPU
		{563B5321-6200-4BE1-969D-BDBCACBA8D3B}.Ad-Hoc|Any CPU.Build.0 = Release|Any CPU
		{563B5321-6200-4BE1-969D-BDBCACBA8D3B}.Ad-Hoc|Any CPU.Deploy.0 = Release|Any CPU
		{563B5321-6200-4BE1-969D-BDBCACBA8D3B}.Ad-Hoc|iPhone.ActiveCfg = Release|Any CPU
		{563B5321-6200-4BE1-969D-BDBCACBA8D3B}.Ad-Hoc|iPhone.Build.0 = Release|Any CPU
		{563B5321-6200-4BE1-969D-BDBCACBA8D3B}.Ad-Hoc|iPhone.Deploy.0 = Release|Any CPU
		{563B5321-6200-4BE1-969D-BDBCACBA8D3B}.Ad-Hoc|iPhoneSimulator.ActiveCfg = Release|Any CPU
		{563B5321-6200-4BE1-969D-BDBCACBA8D3B}.Ad-Hoc|iPhoneSimulator.Build.0 = Release|Any CPU
		{563B5321-6200-4BE1-969D-BDBCACBA8D3B}.Ad-Hoc|iPhoneSimulator.Deploy.0 = Release|Any CPU
		{563B5321-6200-4BE1-969D-BDBCACBA8D3B}.AppStore|Any CPU.ActiveCfg = Release|Any CPU
		{563B5321-6200-4BE1-969D-BDBCACBA8D3B}.AppStore|Any CPU.Build.0 = Release|Any CPU
		{563B5321-6200-4BE1-969D-BDBCACBA8D3B}.AppStore|Any CPU.Deploy.0 = Release|Any CPU
		{563B5321-6200-4BE1-969D-BDBCACBA8D3B}.AppStore|iPhone.ActiveCfg = Release|Any CPU
		{563B5321-6200-4BE1-969D-BDBCACBA8D3B}.AppStore|iPhone.Build.0 = Release|Any CPU
		{563B5321-6200-4BE1-969D-BDBCACBA8D3B}.AppStore|iPhone.Deploy.0 = Release|Any CPU
		{563B5321-6200-4BE1-969D-BDBCACBA8D3B}.AppStore|iPhoneSimulator.ActiveCfg = Release|Any CPU
		{563B5321-6200-4BE1-969D-BDBCACBA8D3B}.AppStore|iPhoneSimulator.Build.0 = Release|Any CPU
		{563B5321-6200-4BE1-969D-BDBCACBA8D3B}.AppStore|iPhoneSimulator.Deploy.0 = Release|Any CPU
		{563B5321-6200-4BE1-969D-BDBCACBA8D3B}.Debug|Any CPU.ActiveCfg = Debug|Any CPU
		{563B5321-6200-4BE1-969D-BDBCACBA8D3B}.Debug|Any CPU.Build.0 = Debug|Any CPU
		{563B5321-6200-4BE1-969D-BDBCACBA8D3B}.Debug|Any CPU.Deploy.0 = Debug|Any CPU
		{563B5321-6200-4BE1-969D-BDBCACBA8D3B}.Debug|iPhone.ActiveCfg = Debug|Any CPU
		{563B5321-6200-4BE1-969D-BDBCACBA8D3B}.Debug|iPhone.Build.0 = Debug|Any CPU
		{563B5321-6200-4BE1-969D-BDBCACBA8D3B}.Debug|iPhone.Deploy.0 = Debug|Any CPU
		{563B5321-6200-4BE1-969D-BDBCACBA8D3B}.Debug|iPhoneSimulator.ActiveCfg = Debug|Any CPU
		{563B5321-6200-4BE1-969D-BDBCACBA8D3B}.Debug|iPhoneSimulator.Build.0 = Debug|Any CPU
		{563B5321-6200-4BE1-969D-BDBCACBA8D3B}.Debug|iPhoneSimulator.Deploy.0 = Debug|Any CPU
		{563B5321-6200-4BE1-969D-BDBCACBA8D3B}.Release|Any CPU.ActiveCfg = Release|Any CPU
		{563B5321-6200-4BE1-969D-BDBCACBA8D3B}.Release|Any CPU.Build.0 = Release|Any CPU
		{563B5321-6200-4BE1-969D-BDBCACBA8D3B}.Release|Any CPU.Deploy.0 = Release|Any CPU
		{563B5321-6200-4BE1-969D-BDBCACBA8D3B}.Release|iPhone.ActiveCfg = Release|Any CPU
		{563B5321-6200-4BE1-969D-BDBCACBA8D3B}.Release|iPhone.Build.0 = Release|Any CPU
		{563B5321-6200-4BE1-969D-BDBCACBA8D3B}.Release|iPhone.Deploy.0 = Release|Any CPU
		{563B5321-6200-4BE1-969D-BDBCACBA8D3B}.Release|iPhoneSimulator.ActiveCfg = Release|Any CPU
		{563B5321-6200-4BE1-969D-BDBCACBA8D3B}.Release|iPhoneSimulator.Build.0 = Release|Any CPU
		{563B5321-6200-4BE1-969D-BDBCACBA8D3B}.Release|iPhoneSimulator.Deploy.0 = Release|Any CPU
		{9B64CB1D-5E92-4DBB-99A0-15B6D7BE5414}.Ad-Hoc|Any CPU.ActiveCfg = Release|Any CPU
		{9B64CB1D-5E92-4DBB-99A0-15B6D7BE5414}.Ad-Hoc|Any CPU.Build.0 = Release|Any CPU
		{9B64CB1D-5E92-4DBB-99A0-15B6D7BE5414}.Ad-Hoc|iPhone.ActiveCfg = Release|Any CPU
		{9B64CB1D-5E92-4DBB-99A0-15B6D7BE5414}.Ad-Hoc|iPhone.Build.0 = Release|Any CPU
		{9B64CB1D-5E92-4DBB-99A0-15B6D7BE5414}.Ad-Hoc|iPhoneSimulator.ActiveCfg = Release|Any CPU
		{9B64CB1D-5E92-4DBB-99A0-15B6D7BE5414}.Ad-Hoc|iPhoneSimulator.Build.0 = Release|Any CPU
		{9B64CB1D-5E92-4DBB-99A0-15B6D7BE5414}.AppStore|Any CPU.ActiveCfg = Release|Any CPU
		{9B64CB1D-5E92-4DBB-99A0-15B6D7BE5414}.AppStore|Any CPU.Build.0 = Release|Any CPU
		{9B64CB1D-5E92-4DBB-99A0-15B6D7BE5414}.AppStore|iPhone.ActiveCfg = Release|Any CPU
		{9B64CB1D-5E92-4DBB-99A0-15B6D7BE5414}.AppStore|iPhone.Build.0 = Release|Any CPU
		{9B64CB1D-5E92-4DBB-99A0-15B6D7BE5414}.AppStore|iPhoneSimulator.ActiveCfg = Release|Any CPU
		{9B64CB1D-5E92-4DBB-99A0-15B6D7BE5414}.AppStore|iPhoneSimulator.Build.0 = Release|Any CPU
		{9B64CB1D-5E92-4DBB-99A0-15B6D7BE5414}.Debug|Any CPU.ActiveCfg = Debug|Any CPU
		{9B64CB1D-5E92-4DBB-99A0-15B6D7BE5414}.Debug|Any CPU.Build.0 = Debug|Any CPU
		{9B64CB1D-5E92-4DBB-99A0-15B6D7BE5414}.Debug|iPhone.ActiveCfg = Debug|Any CPU
		{9B64CB1D-5E92-4DBB-99A0-15B6D7BE5414}.Debug|iPhone.Build.0 = Debug|Any CPU
		{9B64CB1D-5E92-4DBB-99A0-15B6D7BE5414}.Debug|iPhoneSimulator.ActiveCfg = Debug|Any CPU
		{9B64CB1D-5E92-4DBB-99A0-15B6D7BE5414}.Debug|iPhoneSimulator.Build.0 = Debug|Any CPU
		{9B64CB1D-5E92-4DBB-99A0-15B6D7BE5414}.Release|Any CPU.ActiveCfg = Release|Any CPU
		{9B64CB1D-5E92-4DBB-99A0-15B6D7BE5414}.Release|Any CPU.Build.0 = Release|Any CPU
		{9B64CB1D-5E92-4DBB-99A0-15B6D7BE5414}.Release|iPhone.ActiveCfg = Release|Any CPU
		{9B64CB1D-5E92-4DBB-99A0-15B6D7BE5414}.Release|iPhone.Build.0 = Release|Any CPU
		{9B64CB1D-5E92-4DBB-99A0-15B6D7BE5414}.Release|iPhoneSimulator.ActiveCfg = Release|Any CPU
		{9B64CB1D-5E92-4DBB-99A0-15B6D7BE5414}.Release|iPhoneSimulator.Build.0 = Release|Any CPU
		{0EBE8B32-E671-4BC6-BC22-E2C8CCDB30A4}.Ad-Hoc|Any CPU.ActiveCfg = Release|Any CPU
		{0EBE8B32-E671-4BC6-BC22-E2C8CCDB30A4}.Ad-Hoc|Any CPU.Build.0 = Release|Any CPU
		{0EBE8B32-E671-4BC6-BC22-E2C8CCDB30A4}.Ad-Hoc|iPhone.ActiveCfg = Release|Any CPU
		{0EBE8B32-E671-4BC6-BC22-E2C8CCDB30A4}.Ad-Hoc|iPhone.Build.0 = Release|Any CPU
		{0EBE8B32-E671-4BC6-BC22-E2C8CCDB30A4}.Ad-Hoc|iPhoneSimulator.ActiveCfg = Release|Any CPU
		{0EBE8B32-E671-4BC6-BC22-E2C8CCDB30A4}.Ad-Hoc|iPhoneSimulator.Build.0 = Release|Any CPU
		{0EBE8B32-E671-4BC6-BC22-E2C8CCDB30A4}.AppStore|Any CPU.ActiveCfg = Release|Any CPU
		{0EBE8B32-E671-4BC6-BC22-E2C8CCDB30A4}.AppStore|Any CPU.Build.0 = Release|Any CPU
		{0EBE8B32-E671-4BC6-BC22-E2C8CCDB30A4}.AppStore|iPhone.ActiveCfg = Release|Any CPU
		{0EBE8B32-E671-4BC6-BC22-E2C8CCDB30A4}.AppStore|iPhone.Build.0 = Release|Any CPU
		{0EBE8B32-E671-4BC6-BC22-E2C8CCDB30A4}.AppStore|iPhoneSimulator.ActiveCfg = Release|Any CPU
		{0EBE8B32-E671-4BC6-BC22-E2C8CCDB30A4}.AppStore|iPhoneSimulator.Build.0 = Release|Any CPU
		{0EBE8B32-E671-4BC6-BC22-E2C8CCDB30A4}.Debug|Any CPU.ActiveCfg = Debug|Any CPU
		{0EBE8B32-E671-4BC6-BC22-E2C8CCDB30A4}.Debug|Any CPU.Build.0 = Debug|Any CPU
		{0EBE8B32-E671-4BC6-BC22-E2C8CCDB30A4}.Debug|iPhone.ActiveCfg = Debug|Any CPU
		{0EBE8B32-E671-4BC6-BC22-E2C8CCDB30A4}.Debug|iPhone.Build.0 = Debug|Any CPU
		{0EBE8B32-E671-4BC6-BC22-E2C8CCDB30A4}.Debug|iPhoneSimulator.ActiveCfg = Debug|Any CPU
		{0EBE8B32-E671-4BC6-BC22-E2C8CCDB30A4}.Debug|iPhoneSimulator.Build.0 = Debug|Any CPU
		{0EBE8B32-E671-4BC6-BC22-E2C8CCDB30A4}.Release|Any CPU.ActiveCfg = Release|Any CPU
		{0EBE8B32-E671-4BC6-BC22-E2C8CCDB30A4}.Release|Any CPU.Build.0 = Release|Any CPU
		{0EBE8B32-E671-4BC6-BC22-E2C8CCDB30A4}.Release|iPhone.ActiveCfg = Release|Any CPU
		{0EBE8B32-E671-4BC6-BC22-E2C8CCDB30A4}.Release|iPhone.Build.0 = Release|Any CPU
		{0EBE8B32-E671-4BC6-BC22-E2C8CCDB30A4}.Release|iPhoneSimulator.ActiveCfg = Release|Any CPU
		{0EBE8B32-E671-4BC6-BC22-E2C8CCDB30A4}.Release|iPhoneSimulator.Build.0 = Release|Any CPU
		{28969CF5-0CEC-4B94-B5CC-BDF648A66E70}.Ad-Hoc|Any CPU.ActiveCfg = Release|Any CPU
		{28969CF5-0CEC-4B94-B5CC-BDF648A66E70}.Ad-Hoc|Any CPU.Build.0 = Release|Any CPU
		{28969CF5-0CEC-4B94-B5CC-BDF648A66E70}.Ad-Hoc|iPhone.ActiveCfg = Release|Any CPU
		{28969CF5-0CEC-4B94-B5CC-BDF648A66E70}.Ad-Hoc|iPhone.Build.0 = Release|Any CPU
		{28969CF5-0CEC-4B94-B5CC-BDF648A66E70}.Ad-Hoc|iPhoneSimulator.ActiveCfg = Release|Any CPU
		{28969CF5-0CEC-4B94-B5CC-BDF648A66E70}.Ad-Hoc|iPhoneSimulator.Build.0 = Release|Any CPU
		{28969CF5-0CEC-4B94-B5CC-BDF648A66E70}.AppStore|Any CPU.ActiveCfg = Release|Any CPU
		{28969CF5-0CEC-4B94-B5CC-BDF648A66E70}.AppStore|Any CPU.Build.0 = Release|Any CPU
		{28969CF5-0CEC-4B94-B5CC-BDF648A66E70}.AppStore|iPhone.ActiveCfg = Release|Any CPU
		{28969CF5-0CEC-4B94-B5CC-BDF648A66E70}.AppStore|iPhone.Build.0 = Release|Any CPU
		{28969CF5-0CEC-4B94-B5CC-BDF648A66E70}.AppStore|iPhoneSimulator.ActiveCfg = Release|Any CPU
		{28969CF5-0CEC-4B94-B5CC-BDF648A66E70}.AppStore|iPhoneSimulator.Build.0 = Release|Any CPU
		{28969CF5-0CEC-4B94-B5CC-BDF648A66E70}.Debug|Any CPU.ActiveCfg = Debug|Any CPU
		{28969CF5-0CEC-4B94-B5CC-BDF648A66E70}.Debug|Any CPU.Build.0 = Debug|Any CPU
		{28969CF5-0CEC-4B94-B5CC-BDF648A66E70}.Debug|iPhone.ActiveCfg = Debug|Any CPU
		{28969CF5-0CEC-4B94-B5CC-BDF648A66E70}.Debug|iPhone.Build.0 = Debug|Any CPU
		{28969CF5-0CEC-4B94-B5CC-BDF648A66E70}.Debug|iPhoneSimulator.ActiveCfg = Debug|Any CPU
		{28969CF5-0CEC-4B94-B5CC-BDF648A66E70}.Debug|iPhoneSimulator.Build.0 = Debug|Any CPU
		{28969CF5-0CEC-4B94-B5CC-BDF648A66E70}.Release|Any CPU.ActiveCfg = Release|Any CPU
		{28969CF5-0CEC-4B94-B5CC-BDF648A66E70}.Release|Any CPU.Build.0 = Release|Any CPU
		{28969CF5-0CEC-4B94-B5CC-BDF648A66E70}.Release|iPhone.ActiveCfg = Release|Any CPU
		{28969CF5-0CEC-4B94-B5CC-BDF648A66E70}.Release|iPhone.Build.0 = Release|Any CPU
		{28969CF5-0CEC-4B94-B5CC-BDF648A66E70}.Release|iPhoneSimulator.ActiveCfg = Release|Any CPU
		{28969CF5-0CEC-4B94-B5CC-BDF648A66E70}.Release|iPhoneSimulator.Build.0 = Release|Any CPU
		{5DF05250-6AEA-4A85-85CC-4A3247ED841E}.Ad-Hoc|Any CPU.ActiveCfg = Release|Any CPU
		{5DF05250-6AEA-4A85-85CC-4A3247ED841E}.Ad-Hoc|Any CPU.Build.0 = Release|Any CPU
		{5DF05250-6AEA-4A85-85CC-4A3247ED841E}.Ad-Hoc|iPhone.ActiveCfg = Release|Any CPU
		{5DF05250-6AEA-4A85-85CC-4A3247ED841E}.Ad-Hoc|iPhone.Build.0 = Release|Any CPU
		{5DF05250-6AEA-4A85-85CC-4A3247ED841E}.Ad-Hoc|iPhoneSimulator.ActiveCfg = Release|Any CPU
		{5DF05250-6AEA-4A85-85CC-4A3247ED841E}.Ad-Hoc|iPhoneSimulator.Build.0 = Release|Any CPU
		{5DF05250-6AEA-4A85-85CC-4A3247ED841E}.AppStore|Any CPU.ActiveCfg = Release|Any CPU
		{5DF05250-6AEA-4A85-85CC-4A3247ED841E}.AppStore|Any CPU.Build.0 = Release|Any CPU
		{5DF05250-6AEA-4A85-85CC-4A3247ED841E}.AppStore|iPhone.ActiveCfg = Release|Any CPU
		{5DF05250-6AEA-4A85-85CC-4A3247ED841E}.AppStore|iPhone.Build.0 = Release|Any CPU
		{5DF05250-6AEA-4A85-85CC-4A3247ED841E}.AppStore|iPhoneSimulator.ActiveCfg = Release|Any CPU
		{5DF05250-6AEA-4A85-85CC-4A3247ED841E}.AppStore|iPhoneSimulator.Build.0 = Release|Any CPU
		{5DF05250-6AEA-4A85-85CC-4A3247ED841E}.Debug|Any CPU.ActiveCfg = Debug|Any CPU
		{5DF05250-6AEA-4A85-85CC-4A3247ED841E}.Debug|Any CPU.Build.0 = Debug|Any CPU
		{5DF05250-6AEA-4A85-85CC-4A3247ED841E}.Debug|iPhone.ActiveCfg = Debug|Any CPU
		{5DF05250-6AEA-4A85-85CC-4A3247ED841E}.Debug|iPhone.Build.0 = Debug|Any CPU
		{5DF05250-6AEA-4A85-85CC-4A3247ED841E}.Debug|iPhoneSimulator.ActiveCfg = Debug|Any CPU
		{5DF05250-6AEA-4A85-85CC-4A3247ED841E}.Debug|iPhoneSimulator.Build.0 = Debug|Any CPU
		{5DF05250-6AEA-4A85-85CC-4A3247ED841E}.Release|Any CPU.ActiveCfg = Release|Any CPU
		{5DF05250-6AEA-4A85-85CC-4A3247ED841E}.Release|Any CPU.Build.0 = Release|Any CPU
		{5DF05250-6AEA-4A85-85CC-4A3247ED841E}.Release|iPhone.ActiveCfg = Release|Any CPU
		{5DF05250-6AEA-4A85-85CC-4A3247ED841E}.Release|iPhone.Build.0 = Release|Any CPU
		{5DF05250-6AEA-4A85-85CC-4A3247ED841E}.Release|iPhoneSimulator.ActiveCfg = Release|Any CPU
		{5DF05250-6AEA-4A85-85CC-4A3247ED841E}.Release|iPhoneSimulator.Build.0 = Release|Any CPU
		{5418A8D4-4D3A-494B-BE94-7C5349DD7C5E}.Ad-Hoc|Any CPU.ActiveCfg = Debug|Any CPU
		{5418A8D4-4D3A-494B-BE94-7C5349DD7C5E}.Ad-Hoc|Any CPU.Build.0 = Debug|Any CPU
		{5418A8D4-4D3A-494B-BE94-7C5349DD7C5E}.Ad-Hoc|iPhone.ActiveCfg = Debug|Any CPU
		{5418A8D4-4D3A-494B-BE94-7C5349DD7C5E}.Ad-Hoc|iPhone.Build.0 = Debug|Any CPU
		{5418A8D4-4D3A-494B-BE94-7C5349DD7C5E}.Ad-Hoc|iPhoneSimulator.ActiveCfg = Debug|Any CPU
		{5418A8D4-4D3A-494B-BE94-7C5349DD7C5E}.Ad-Hoc|iPhoneSimulator.Build.0 = Debug|Any CPU
		{5418A8D4-4D3A-494B-BE94-7C5349DD7C5E}.AppStore|Any CPU.ActiveCfg = Debug|Any CPU
		{5418A8D4-4D3A-494B-BE94-7C5349DD7C5E}.AppStore|Any CPU.Build.0 = Debug|Any CPU
		{5418A8D4-4D3A-494B-BE94-7C5349DD7C5E}.AppStore|iPhone.ActiveCfg = Debug|Any CPU
		{5418A8D4-4D3A-494B-BE94-7C5349DD7C5E}.AppStore|iPhone.Build.0 = Debug|Any CPU
		{5418A8D4-4D3A-494B-BE94-7C5349DD7C5E}.AppStore|iPhoneSimulator.ActiveCfg = Debug|Any CPU
		{5418A8D4-4D3A-494B-BE94-7C5349DD7C5E}.AppStore|iPhoneSimulator.Build.0 = Debug|Any CPU
		{5418A8D4-4D3A-494B-BE94-7C5349DD7C5E}.Debug|Any CPU.ActiveCfg = Debug|Any CPU
		{5418A8D4-4D3A-494B-BE94-7C5349DD7C5E}.Debug|Any CPU.Build.0 = Debug|Any CPU
		{5418A8D4-4D3A-494B-BE94-7C5349DD7C5E}.Debug|iPhone.ActiveCfg = Debug|Any CPU
		{5418A8D4-4D3A-494B-BE94-7C5349DD7C5E}.Debug|iPhone.Build.0 = Debug|Any CPU
		{5418A8D4-4D3A-494B-BE94-7C5349DD7C5E}.Debug|iPhoneSimulator.ActiveCfg = Debug|Any CPU
		{5418A8D4-4D3A-494B-BE94-7C5349DD7C5E}.Debug|iPhoneSimulator.Build.0 = Debug|Any CPU
		{5418A8D4-4D3A-494B-BE94-7C5349DD7C5E}.Release|Any CPU.ActiveCfg = Release|Any CPU
		{5418A8D4-4D3A-494B-BE94-7C5349DD7C5E}.Release|Any CPU.Build.0 = Release|Any CPU
		{5418A8D4-4D3A-494B-BE94-7C5349DD7C5E}.Release|iPhone.ActiveCfg = Release|Any CPU
		{5418A8D4-4D3A-494B-BE94-7C5349DD7C5E}.Release|iPhone.Build.0 = Release|Any CPU
		{5418A8D4-4D3A-494B-BE94-7C5349DD7C5E}.Release|iPhoneSimulator.ActiveCfg = Release|Any CPU
		{5418A8D4-4D3A-494B-BE94-7C5349DD7C5E}.Release|iPhoneSimulator.Build.0 = Release|Any CPU
	EndGlobalSection
	GlobalSection(SolutionProperties) = preSolution
		HideSolutionNode = FALSE
	EndGlobalSection
	GlobalSection(NestedProjects) = preSolution
		{0EBE8B32-E671-4BC6-BC22-E2C8CCDB30A4} = {2C3FE348-857B-4E66-8150-B825471EDEED}
		{28969CF5-0CEC-4B94-B5CC-BDF648A66E70} = {858084BA-ADE9-4F55-BBDF-BD128E7F2DC5}
		{5DF05250-6AEA-4A85-85CC-4A3247ED841E} = {2C3FE348-857B-4E66-8150-B825471EDEED}
	EndGlobalSection
	GlobalSection(ExtensibilityGlobals) = postSolution
		SolutionGuid = {768896A4-7354-46F7-85FC-0F4AFB5995FC}
	EndGlobalSection
EndGlobal
