
Microsoft Visual Studio Solution File, Format Version 12.00
# Visual Studio 15
VisualStudioVersion = 15.0.27004.2009
MinimumVisualStudioVersion = 10.0.40219.1
Project("{FAE04EC0-301F-11D3-BF4B-00C04F79EFBC}") = "Neco.Server.ConsoleRunner", "Server\Neco.Server.ConsoleRunner\Neco.Server.ConsoleRunner.csproj", "{F3408001-1077-4CEF-971C-4F23BEE2030B}"
	ProjectSection(ProjectDependencies) = postProject
		{50243F49-08B6-416A-B822-6037DBE2E442} = {50243F49-08B6-416A-B822-6037DBE2E442}
		{56A8EEFD-659F-444C-86DF-30F8404F25C5} = {56A8EEFD-659F-444C-86DF-30F8404F25C5}
	EndProjectSection
EndProject
Project("{FAE04EC0-301F-11D3-BF4B-00C04F79EFBC}") = "Neco.Server.Application", "Server\Neco.Server.Application\Neco.Server.Application.csproj", "{56A8EEFD-659F-444C-86DF-30F8404F25C5}"
EndProject
Project("{FAE04EC0-301F-11D3-BF4B-00C04F79EFBC}") = "Neco.Server.Infrastructure", "Server\Neco.Server.Infrastructure\Neco.Server.Infrastructure.csproj", "{50243F49-08B6-416A-B822-6037DBE2E442}"
EndProject
Project("{FAE04EC0-301F-11D3-BF4B-00C04F79EFBC}") = "Neco.BeaCon.ConsoleRunner", "Server\Neco.BeaCon.ConsoleRunner\Neco.BeaCon.ConsoleRunner.csproj", "{59BD9661-57B4-4CBB-9BB4-E3339D0C636E}"
EndProject
Project("{FAE04EC0-301F-11D3-BF4B-00C04F79EFBC}") = "Neco.BeaCon.Application", "Server\Neco.BeaCon.Application\Neco.BeaCon.Application.csproj", "{122666B4-6ADD-4677-A85F-2119528D0284}"
EndProject
Project("{FAE04EC0-301F-11D3-BF4B-00C04F79EFBC}") = "Neco.BeaCon.Infrastructure", "Server\Neco.BeaCon.Infrastructure\Neco.BeaCon.Infrastructure.csproj", "{B297DE4E-0938-4FDE-BDBA-797CF0FD28FD}"
EndProject
Project("{2150E333-8FDC-42A3-9474-1A3956D46DE8}") = "Server", "Server", "{A36387E8-17D9-4E5A-9206-7D6C6B4608A6}"
EndProject
Project("{2150E333-8FDC-42A3-9474-1A3956D46DE8}") = "Shared", "Shared", "{76A33C6C-3C78-40BD-82E2-6F5B36FA2C68}"
EndProject
Project("{2150E333-8FDC-42A3-9474-1A3956D46DE8}") = "Master", "Master", "{DCB668BE-1207-48F9-9675-73D0C81824D1}"
EndProject
Project("{2150E333-8FDC-42A3-9474-1A3956D46DE8}") = "BeaCon", "BeaCon", "{275F3410-40DA-403F-89AF-EC91821C6799}"
EndProject
Project("{FAE04EC0-301F-11D3-BF4B-00C04F79EFBC}") = "Neco.Infrastructure.Protocol", "Shared\Neco.Infrastructure.Protocol\Neco.Infrastructure.Protocol.csproj", "{0EBE8B32-E671-4BC6-BC22-E2C8CCDB30A4}"
EndProject
Project("{FAE04EC0-301F-11D3-BF4B-00C04F79EFBC}") = "Neco.DataTransferObjects", "Shared\Neco.DataTransferObjects\Neco.DataTransferObjects.csproj", "{BD51606F-3261-4741-AB2D-4E9ACA23472B}"
EndProject
Project("{2150E333-8FDC-42A3-9474-1A3956D46DE8}") = "libsignal-protocol-pcl", "libsignal-protocol-pcl", "{DF556A26-D9C3-41B0-865C-0FD5F8852D08}"
EndProject
Project("{FAE04EC0-301F-11D3-BF4B-00C04F79EFBC}") = "signal-protocol-pcl", "libsignal-protocol-pcl\signal-protocol-pcl\signal-protocol-pcl.csproj", "{28969CF5-0CEC-4B94-B5CC-BDF648A66E70}"
EndProject
Global
	GlobalSection(SolutionConfigurationPlatforms) = preSolution
		Debug|Any CPU = Debug|Any CPU
		Release|Any CPU = Release|Any CPU
	EndGlobalSection
	GlobalSection(ProjectConfigurationPlatforms) = postSolution
		{F3408001-1077-4CEF-971C-4F23BEE2030B}.Debug|Any CPU.ActiveCfg = Debug|Any CPU
		{F3408001-1077-4CEF-971C-4F23BEE2030B}.Debug|Any CPU.Build.0 = Debug|Any CPU
		{F3408001-1077-4CEF-971C-4F23BEE2030B}.Release|Any CPU.ActiveCfg = Release|Any CPU
		{F3408001-1077-4CEF-971C-4F23BEE2030B}.Release|Any CPU.Build.0 = Release|Any CPU
		{56A8EEFD-659F-444C-86DF-30F8404F25C5}.Debug|Any CPU.ActiveCfg = Debug|Any CPU
		{56A8EEFD-659F-444C-86DF-30F8404F25C5}.Debug|Any CPU.Build.0 = Debug|Any CPU
		{56A8EEFD-659F-444C-86DF-30F8404F25C5}.Release|Any CPU.ActiveCfg = Release|Any CPU
		{56A8EEFD-659F-444C-86DF-30F8404F25C5}.Release|Any CPU.Build.0 = Release|Any CPU
		{50243F49-08B6-416A-B822-6037DBE2E442}.Debug|Any CPU.ActiveCfg = Debug|Any CPU
		{50243F49-08B6-416A-B822-6037DBE2E442}.Debug|Any CPU.Build.0 = Debug|Any CPU
		{50243F49-08B6-416A-B822-6037DBE2E442}.Release|Any CPU.ActiveCfg = Release|Any CPU
		{50243F49-08B6-416A-B822-6037DBE2E442}.Release|Any CPU.Build.0 = Release|Any CPU
		{59BD9661-57B4-4CBB-9BB4-E3339D0C636E}.Debug|Any CPU.ActiveCfg = Debug|Any CPU
		{59BD9661-57B4-4CBB-9BB4-E3339D0C636E}.Debug|Any CPU.Build.0 = Debug|Any CPU
		{59BD9661-57B4-4CBB-9BB4-E3339D0C636E}.Release|Any CPU.ActiveCfg = Release|Any CPU
		{59BD9661-57B4-4CBB-9BB4-E3339D0C636E}.Release|Any CPU.Build.0 = Release|Any CPU
		{122666B4-6ADD-4677-A85F-2119528D0284}.Debug|Any CPU.ActiveCfg = Debug|Any CPU
		{122666B4-6ADD-4677-A85F-2119528D0284}.Debug|Any CPU.Build.0 = Debug|Any CPU
		{122666B4-6ADD-4677-A85F-2119528D0284}.Release|Any CPU.ActiveCfg = Release|Any CPU
		{122666B4-6ADD-4677-A85F-2119528D0284}.Release|Any CPU.Build.0 = Release|Any CPU
		{B297DE4E-0938-4FDE-BDBA-797CF0FD28FD}.Debug|Any CPU.ActiveCfg = Debug|Any CPU
		{B297DE4E-0938-4FDE-BDBA-797CF0FD28FD}.Debug|Any CPU.Build.0 = Debug|Any CPU
		{B297DE4E-0938-4FDE-BDBA-797CF0FD28FD}.Release|Any CPU.ActiveCfg = Release|Any CPU
		{B297DE4E-0938-4FDE-BDBA-797CF0FD28FD}.Release|Any CPU.Build.0 = Release|Any CPU
		{0EBE8B32-E671-4BC6-BC22-E2C8CCDB30A4}.Debug|Any CPU.ActiveCfg = Debug|Any CPU
		{0EBE8B32-E671-4BC6-BC22-E2C8CCDB30A4}.Debug|Any CPU.Build.0 = Debug|Any CPU
		{0EBE8B32-E671-4BC6-BC22-E2C8CCDB30A4}.Release|Any CPU.ActiveCfg = Release|Any CPU
		{0EBE8B32-E671-4BC6-BC22-E2C8CCDB30A4}.Release|Any CPU.Build.0 = Release|Any CPU
		{BD51606F-3261-4741-AB2D-4E9ACA23472B}.Debug|Any CPU.ActiveCfg = Debug|Any CPU
		{BD51606F-3261-4741-AB2D-4E9ACA23472B}.Debug|Any CPU.Build.0 = Debug|Any CPU
		{BD51606F-3261-4741-AB2D-4E9ACA23472B}.Release|Any CPU.ActiveCfg = Release|Any CPU
		{BD51606F-3261-4741-AB2D-4E9ACA23472B}.Release|Any CPU.Build.0 = Release|Any CPU
		{28969CF5-0CEC-4B94-B5CC-BDF648A66E70}.Debug|Any CPU.ActiveCfg = Debug|Any CPU
		{28969CF5-0CEC-4B94-B5CC-BDF648A66E70}.Debug|Any CPU.Build.0 = Debug|Any CPU
		{28969CF5-0CEC-4B94-B5CC-BDF648A66E70}.Release|Any CPU.ActiveCfg = Release|Any CPU
		{28969CF5-0CEC-4B94-B5CC-BDF648A66E70}.Release|Any CPU.Build.0 = Release|Any CPU
	EndGlobalSection
	GlobalSection(SolutionProperties) = preSolution
		HideSolutionNode = FALSE
	EndGlobalSection
	GlobalSection(NestedProjects) = preSolution
		{F3408001-1077-4CEF-971C-4F23BEE2030B} = {DCB668BE-1207-48F9-9675-73D0C81824D1}
		{56A8EEFD-659F-444C-86DF-30F8404F25C5} = {DCB668BE-1207-48F9-9675-73D0C81824D1}
		{50243F49-08B6-416A-B822-6037DBE2E442} = {DCB668BE-1207-48F9-9675-73D0C81824D1}
		{59BD9661-57B4-4CBB-9BB4-E3339D0C636E} = {275F3410-40DA-403F-89AF-EC91821C6799}
		{122666B4-6ADD-4677-A85F-2119528D0284} = {275F3410-40DA-403F-89AF-EC91821C6799}
		{B297DE4E-0938-4FDE-BDBA-797CF0FD28FD} = {275F3410-40DA-403F-89AF-EC91821C6799}
		{DCB668BE-1207-48F9-9675-73D0C81824D1} = {A36387E8-17D9-4E5A-9206-7D6C6B4608A6}
		{275F3410-40DA-403F-89AF-EC91821C6799} = {A36387E8-17D9-4E5A-9206-7D6C6B4608A6}
		{0EBE8B32-E671-4BC6-BC22-E2C8CCDB30A4} = {76A33C6C-3C78-40BD-82E2-6F5B36FA2C68}
		{BD51606F-3261-4741-AB2D-4E9ACA23472B} = {76A33C6C-3C78-40BD-82E2-6F5B36FA2C68}
		{28969CF5-0CEC-4B94-B5CC-BDF648A66E70} = {DF556A26-D9C3-41B0-865C-0FD5F8852D08}
	EndGlobalSection
	GlobalSection(ExtensibilityGlobals) = postSolution
		SolutionGuid = {C41E5B6E-5976-4E1A-A968-2EBE847DC0EF}
	EndGlobalSection
EndGlobal
