
Microsoft Visual Studio Solution File, Format Version 12.00
# Visual Studio 15
VisualStudioVersion = 15.0.27004.2010
MinimumVisualStudioVersion = 10.0.40219.1
Project("{2150E333-8FDC-42A3-9474-1A3956D46DE8}") = "Server", "Server", "{A36387E8-17D9-4E5A-9206-7D6C6B4608A6}"
EndProject
Project("{2150E333-8FDC-42A3-9474-1A3956D46DE8}") = "Shared", "Shared", "{76A33C6C-3C78-40BD-82E2-6F5B36FA2C68}"
EndProject
Project("{FAE04EC0-301F-11D3-BF4B-00C04F79EFBC}") = "Neco.Infrastructure.Protocol", "Shared\Neco.Infrastructure.Protocol\Neco.Infrastructure.Protocol.csproj", "{0EBE8B32-E671-4BC6-BC22-E2C8CCDB30A4}"
EndProject
Project("{2150E333-8FDC-42A3-9474-1A3956D46DE8}") = "libsignal-protocol-pcl", "libsignal-protocol-pcl", "{DF556A26-D9C3-41B0-865C-0FD5F8852D08}"
EndProject
Project("{FAE04EC0-301F-11D3-BF4B-00C04F79EFBC}") = "signal-protocol-pcl", "libsignal-protocol-pcl\signal-protocol-pcl\signal-protocol-pcl.csproj", "{28969CF5-0CEC-4B94-B5CC-BDF648A66E70}"
EndProject
Project("{FAE04EC0-301F-11D3-BF4B-00C04F79EFBC}") = "Neco.Server", "Server\Neco.Server\Neco.Server.csproj", "{F3408001-1077-4CEF-971C-4F23BEE2030B}"
EndProject
Project("{FAE04EC0-301F-11D3-BF4B-00C04F79EFBC}") = "Neco.DataTransferObjects", "Shared\Neco.DataTransferObjects\Neco.DataTransferObjects.csproj", "{5DF05250-6AEA-4A85-85CC-4A3247ED841E}"
EndProject
Global
	GlobalSection(SolutionConfigurationPlatforms) = preSolution
		Debug|Any CPU = Debug|Any CPU
		Release|Any CPU = Release|Any CPU
	EndGlobalSection
	GlobalSection(ProjectConfigurationPlatforms) = postSolution
		{0EBE8B32-E671-4BC6-BC22-E2C8CCDB30A4}.Debug|Any CPU.ActiveCfg = Debug|Any CPU
		{0EBE8B32-E671-4BC6-BC22-E2C8CCDB30A4}.Debug|Any CPU.Build.0 = Debug|Any CPU
		{0EBE8B32-E671-4BC6-BC22-E2C8CCDB30A4}.Release|Any CPU.ActiveCfg = Release|Any CPU
		{0EBE8B32-E671-4BC6-BC22-E2C8CCDB30A4}.Release|Any CPU.Build.0 = Release|Any CPU
		{28969CF5-0CEC-4B94-B5CC-BDF648A66E70}.Debug|Any CPU.ActiveCfg = Debug|Any CPU
		{28969CF5-0CEC-4B94-B5CC-BDF648A66E70}.Debug|Any CPU.Build.0 = Debug|Any CPU
		{28969CF5-0CEC-4B94-B5CC-BDF648A66E70}.Release|Any CPU.ActiveCfg = Release|Any CPU
		{28969CF5-0CEC-4B94-B5CC-BDF648A66E70}.Release|Any CPU.Build.0 = Release|Any CPU
		{F3408001-1077-4CEF-971C-4F23BEE2030B}.Debug|Any CPU.ActiveCfg = Debug|Any CPU
		{F3408001-1077-4CEF-971C-4F23BEE2030B}.Debug|Any CPU.Build.0 = Debug|Any CPU
		{F3408001-1077-4CEF-971C-4F23BEE2030B}.Release|Any CPU.ActiveCfg = Release|Any CPU
		{F3408001-1077-4CEF-971C-4F23BEE2030B}.Release|Any CPU.Build.0 = Release|Any CPU
		{5DF05250-6AEA-4A85-85CC-4A3247ED841E}.Debug|Any CPU.ActiveCfg = Debug|Any CPU
		{5DF05250-6AEA-4A85-85CC-4A3247ED841E}.Debug|Any CPU.Build.0 = Debug|Any CPU
		{5DF05250-6AEA-4A85-85CC-4A3247ED841E}.Release|Any CPU.ActiveCfg = Release|Any CPU
		{5DF05250-6AEA-4A85-85CC-4A3247ED841E}.Release|Any CPU.Build.0 = Release|Any CPU
	EndGlobalSection
	GlobalSection(SolutionProperties) = preSolution
		HideSolutionNode = FALSE
	EndGlobalSection
	GlobalSection(NestedProjects) = preSolution
		{0EBE8B32-E671-4BC6-BC22-E2C8CCDB30A4} = {76A33C6C-3C78-40BD-82E2-6F5B36FA2C68}
		{28969CF5-0CEC-4B94-B5CC-BDF648A66E70} = {DF556A26-D9C3-41B0-865C-0FD5F8852D08}
		{F3408001-1077-4CEF-971C-4F23BEE2030B} = {A36387E8-17D9-4E5A-9206-7D6C6B4608A6}
		{5DF05250-6AEA-4A85-85CC-4A3247ED841E} = {76A33C6C-3C78-40BD-82E2-6F5B36FA2C68}
	EndGlobalSection
	GlobalSection(ExtensibilityGlobals) = postSolution
		SolutionGuid = {C41E5B6E-5976-4E1A-A968-2EBE847DC0EF}
	EndGlobalSection
EndGlobal
